version = 1
revision = 1
requires-python = ">=3.13"

[[package]]
name = "filelock"
version = "3.18.0"
source = { registry = "https://pypi.org/simple" }
sdist = { url = "https://files.pythonhosted.org/packages/0a/10/c23352565a6544bdc5353e0b15fc1c563352101f30e24bf500207a54df9a/filelock-3.18.0.tar.gz", hash = "sha256:adbc88eabb99d2fec8c9c1b229b171f18afa655400173ddc653d5d01501fb9f2", size = 18075 }
wheels = [
    { url = "https://files.pythonhosted.org/packages/4d/36/2a115987e2d8c300a974597416d9de88f2444426de9571f4b59b2cca3acc/filelock-3.18.0-py3-none-any.whl", hash = "sha256:c401f4f8377c4464e6db25fff06205fd89bdd83b65eb0488ed1b160f780e21de", size = 16215 },
]

[[package]]
name = "maturin-import-hook"
version = "0.2.0"
source = { registry = "https://pypi.org/simple" }
dependencies = [
    { name = "filelock" },
]
sdist = { url = "https://files.pythonhosted.org/packages/93/5f/9d426545c49926f4212fbe6244bc397508a29f65e35fe307835c07c0be7b/maturin_import_hook-0.2.0.tar.gz", hash = "sha256:e8a81333179faf7b5f413e44c2a1c89604fefff433679275f724950b0a632adf", size = 31071 }
wheels = [
    { url = "https://files.pythonhosted.org/packages/44/48/1e88f90750a66825a5ea8fd2e26908e4e4acade0fe5a378c36d14bc0138d/maturin_import_hook-0.2.0-py3-none-any.whl", hash = "sha256:742d882213d6aa24bacf6775ce26ab96bd4ee26ceafbbbad69d60fdc98d95ec8", size = 31134 },
]

[[package]]
name = "scamplepy"
version = "0.1.0"
source = { editable = "." }
dependencies = [
    { name = "scamplers-core" },
]

[package.dev-dependencies]
dev = [
    { name = "maturin-import-hook" },
]

[package.metadata]
requires-dist = [{ name = "scamplers-core", editable = "../../rust/scamplers-core" }]

[package.metadata.requires-dev]
dev = [{ name = "maturin-import-hook", specifier = ">=0.2.0" }]

[[package]]
name = "scamplers-core"
source = { editable = "../../rust/scamplers-core" }
